
Microsoft Visual Studio Solution File, Format Version 12.00
# Visual Studio 2013
VisualStudioVersion = 12.0.21005.1
MinimumVisualStudioVersion = 10.0.40219.1
Project("{2150E333-8FDC-42A3-9474-1A3956D46DE8}") = "Solution Items", "Solution Items", "{B48787D4-70A4-4226-9FE8-7AD27E1BBC1B}"
EndProject
Project("{FAE04EC0-301F-11D3-BF4B-00C04F79EFBC}") = "ProtoTest.Golem", "ProtoTest.Golem\ProtoTest.Golem.csproj", "{DABFC1CB-7C18-4AC7-AFA2-91C453E9E266}"
EndProject
Project("{FAE04EC0-301F-11D3-BF4B-00C04F79EFBC}") = "Golem.Tests.DTVE", "..\ProtoTest.Golem.Tests\Golem.Tests.DTVE\Golem.Tests.DTVE.csproj", "{BDC55C0B-1219-430F-A5D9-C5F4DCC5BAFB}"
EndProject
Project("{FAE04EC0-301F-11D3-BF4B-00C04F79EFBC}") = "Golem.PageObjects.DTVE", "..\ProtoTest.Golem.Tests\Golem.PageObjects.DTVE\Golem.PageObjects.DTVE.csproj", "{2460AA4D-8C2C-431E-B5D9-A2D82B0B16A3}"
EndProject
Global
	GlobalSection(SolutionConfigurationPlatforms) = preSolution
		Debug|Any CPU = Debug|Any CPU
		Release|Any CPU = Release|Any CPU
	EndGlobalSection
	GlobalSection(ProjectConfigurationPlatforms) = postSolution
		{DABFC1CB-7C18-4AC7-AFA2-91C453E9E266}.Debug|Any CPU.ActiveCfg = Debug|Any CPU
		{DABFC1CB-7C18-4AC7-AFA2-91C453E9E266}.Debug|Any CPU.Build.0 = Debug|Any CPU
		{DABFC1CB-7C18-4AC7-AFA2-91C453E9E266}.Release|Any CPU.ActiveCfg = Release|Any CPU
		{DABFC1CB-7C18-4AC7-AFA2-91C453E9E266}.Release|Any CPU.Build.0 = Release|Any CPU
		{BDC55C0B-1219-430F-A5D9-C5F4DCC5BAFB}.Debug|Any CPU.ActiveCfg = Debug|Any CPU
		{BDC55C0B-1219-430F-A5D9-C5F4DCC5BAFB}.Debug|Any CPU.Build.0 = Debug|Any CPU
		{BDC55C0B-1219-430F-A5D9-C5F4DCC5BAFB}.Release|Any CPU.ActiveCfg = Release|Any CPU
		{BDC55C0B-1219-430F-A5D9-C5F4DCC5BAFB}.Release|Any CPU.Build.0 = Release|Any CPU
		{2460AA4D-8C2C-431E-B5D9-A2D82B0B16A3}.Debug|Any CPU.ActiveCfg = Debug|Any CPU
		{2460AA4D-8C2C-431E-B5D9-A2D82B0B16A3}.Debug|Any CPU.Build.0 = Debug|Any CPU
		{2460AA4D-8C2C-431E-B5D9-A2D82B0B16A3}.Release|Any CPU.ActiveCfg = Release|Any CPU
		{2460AA4D-8C2C-431E-B5D9-A2D82B0B16A3}.Release|Any CPU.Build.0 = Release|Any CPU
	EndGlobalSection
	GlobalSection(SolutionProperties) = preSolution
		HideSolutionNode = FALSE
	EndGlobalSection
EndGlobal
